
Microsoft Visual Studio Solution File, Format Version 12.00
# Visual Studio 15
VisualStudioVersion = 15.0.27428.2002
MinimumVisualStudioVersion = 10.0.40219.1
Project("{9A19103F-16F7-4668-BE54-9A1E7A4F7556}") = "ACSWeb", "ACSWeb\ACSWeb.csproj", "{AFC0DAB3-F90D-44D3-8A49-D78E3A83403B}"
EndProject
Global
	GlobalSection(SolutionConfigurationPlatforms) = preSolution
		Debug|Any CPU = Debug|Any CPU
		Release|Any CPU = Release|Any CPU
	EndGlobalSection
	GlobalSection(ProjectConfigurationPlatforms) = postSolution
		{AFC0DAB3-F90D-44D3-8A49-D78E3A83403B}.Debug|Any CPU.ActiveCfg = Release|Any CPU
		{AFC0DAB3-F90D-44D3-8A49-D78E3A83403B}.Debug|Any CPU.Build.0 = Release|Any CPU
		{AFC0DAB3-F90D-44D3-8A49-D78E3A83403B}.Release|Any CPU.ActiveCfg = Release|Any CPU
		{AFC0DAB3-F90D-44D3-8A49-D78E3A83403B}.Release|Any CPU.Build.0 = Release|Any CPU
		{AFC0DAB3-F90D-44D3-8A49-D78E3A83403B}.Release|Any CPU.Deploy.0 = Release|Any CPU
	EndGlobalSection
	GlobalSection(SolutionProperties) = preSolution
		HideSolutionNode = FALSE
	EndGlobalSection
	GlobalSection(ExtensibilityGlobals) = postSolution
		SolutionGuid = {86DE60DF-EFD8-4F09-A135-5C400C6817CC}
	EndGlobalSection
EndGlobal
