
Microsoft Visual Studio Solution File, Format Version 12.00
# Visual Studio 2012
Project("{FAE04EC0-301F-11D3-BF4B-00C04F79EFBC}") = "ACSWeb", "ACSWeb\ACSWeb.csproj", "{E6982B53-C862-407C-A827-75526F2E8255}"
EndProject
Global
	GlobalSection(SolutionConfigurationPlatforms) = preSolution
		Debug|Any CPU = Debug|Any CPU
		Release|Any CPU = Release|Any CPU
	EndGlobalSection
	GlobalSection(ProjectConfigurationPlatforms) = postSolution
		{E6982B53-C862-407C-A827-75526F2E8255}.Debug|Any CPU.ActiveCfg = Debug|Any CPU
		{E6982B53-C862-407C-A827-75526F2E8255}.Debug|Any CPU.Build.0 = Debug|Any CPU
		{E6982B53-C862-407C-A827-75526F2E8255}.Release|Any CPU.ActiveCfg = Release|Any CPU
		{E6982B53-C862-407C-A827-75526F2E8255}.Release|Any CPU.Build.0 = Release|Any CPU
	EndGlobalSection
EndGlobal
